
Microsoft Visual Studio Solution File, Format Version 12.00
# Visual Studio Version 17
VisualStudioVersion = 17.7.34003.232
MinimumVisualStudioVersion = 10.0.40219.1
Project("{FAE04EC0-301F-11D3-BF4B-00C04F79EFBC}") = "LinQ", "LinQ\LinQ.csproj", "{4687421F-AF78-4813-B11F-1DCF82E957AE}"
EndProject
Global
	GlobalSection(SolutionConfigurationPlatforms) = preSolution
		Debug|Any CPU = Debug|Any CPU
		Release|Any CPU = Release|Any CPU
	EndGlobalSection
	GlobalSection(ProjectConfigurationPlatforms) = postSolution
		{4687421F-AF78-4813-B11F-1DCF82E957AE}.Debug|Any CPU.ActiveCfg = Debug|Any CPU
		{4687421F-AF78-4813-B11F-1DCF82E957AE}.Debug|Any CPU.Build.0 = Debug|Any CPU
		{4687421F-AF78-4813-B11F-1DCF82E957AE}.Release|Any CPU.ActiveCfg = Release|Any CPU
		{4687421F-AF78-4813-B11F-1DCF82E957AE}.Release|Any CPU.Build.0 = Release|Any CPU
	EndGlobalSection
	GlobalSection(SolutionProperties) = preSolution
		HideSolutionNode = FALSE
	EndGlobalSection
	GlobalSection(ExtensibilityGlobals) = postSolution
		SolutionGuid = {32846CF7-036F-46B0-BAFB-896CF19727A4}
	EndGlobalSection
EndGlobal
